
Microsoft Visual Studio Solution File, Format Version 12.00
# Visual Studio Version 16
VisualStudioVersion = 16.0.28803.352
MinimumVisualStudioVersion = 10.0.40219.1
Project("{8BC9CEB8-8B4A-11D0-8D11-00A0C91BC942}") = "1001 A+B Format", "1001 A+B Format\1001 A+B Format.vcxproj", "{EBDA8CE5-C86D-4E28-ADD7-E9B3A902FBDF}"
EndProject
Project("{8BC9CEB8-8B4A-11D0-8D11-00A0C91BC942}") = "1002 A+B for Polynomials", "1002 A+B for Polynomials\1002 A+B for Polynomials.vcxproj", "{6DF0F528-6DB5-4BAD-9D0E-305C0E76DAB2}"
EndProject
Global
	GlobalSection(SolutionConfigurationPlatforms) = preSolution
		Debug|x64 = Debug|x64
		Debug|x86 = Debug|x86
		Release|x64 = Release|x64
		Release|x86 = Release|x86
	EndGlobalSection
	GlobalSection(ProjectConfigurationPlatforms) = postSolution
		{EBDA8CE5-C86D-4E28-ADD7-E9B3A902FBDF}.Debug|x64.ActiveCfg = Debug|x64
		{EBDA8CE5-C86D-4E28-ADD7-E9B3A902FBDF}.Debug|x64.Build.0 = Debug|x64
		{EBDA8CE5-C86D-4E28-ADD7-E9B3A902FBDF}.Debug|x86.ActiveCfg = Debug|Win32
		{EBDA8CE5-C86D-4E28-ADD7-E9B3A902FBDF}.Debug|x86.Build.0 = Debug|Win32
		{EBDA8CE5-C86D-4E28-ADD7-E9B3A902FBDF}.Release|x64.ActiveCfg = Release|x64
		{EBDA8CE5-C86D-4E28-ADD7-E9B3A902FBDF}.Release|x64.Build.0 = Release|x64
		{EBDA8CE5-C86D-4E28-ADD7-E9B3A902FBDF}.Release|x86.ActiveCfg = Release|Win32
		{EBDA8CE5-C86D-4E28-ADD7-E9B3A902FBDF}.Release|x86.Build.0 = Release|Win32
		{6DF0F528-6DB5-4BAD-9D0E-305C0E76DAB2}.Debug|x64.ActiveCfg = Debug|x64
		{6DF0F528-6DB5-4BAD-9D0E-305C0E76DAB2}.Debug|x64.Build.0 = Debug|x64
		{6DF0F528-6DB5-4BAD-9D0E-305C0E76DAB2}.Debug|x86.ActiveCfg = Debug|Win32
		{6DF0F528-6DB5-4BAD-9D0E-305C0E76DAB2}.Debug|x86.Build.0 = Debug|Win32
		{6DF0F528-6DB5-4BAD-9D0E-305C0E76DAB2}.Release|x64.ActiveCfg = Release|x64
		{6DF0F528-6DB5-4BAD-9D0E-305C0E76DAB2}.Release|x64.Build.0 = Release|x64
		{6DF0F528-6DB5-4BAD-9D0E-305C0E76DAB2}.Release|x86.ActiveCfg = Release|Win32
		{6DF0F528-6DB5-4BAD-9D0E-305C0E76DAB2}.Release|x86.Build.0 = Release|Win32
	EndGlobalSection
	GlobalSection(SolutionProperties) = preSolution
		HideSolutionNode = FALSE
	EndGlobalSection
	GlobalSection(ExtensibilityGlobals) = postSolution
		SolutionGuid = {6677F7F3-1A61-4239-A319-8CFC42E5D30B}
	EndGlobalSection
EndGlobal
