
Microsoft Visual Studio Solution File, Format Version 12.00
# Visual Studio Version 16
VisualStudioVersion = 16.0.28803.352
MinimumVisualStudioVersion = 10.0.40219.1
Project("{8BC9CEB8-8B4A-11D0-8D11-00A0C91BC942}") = "1001 A+B Format", "1001 A+B Format\1001 A+B Format.vcxproj", "{EBDA8CE5-C86D-4E28-ADD7-E9B3A902FBDF}"
EndProject
Project("{8BC9CEB8-8B4A-11D0-8D11-00A0C91BC942}") = "1002 A+B for Polynomials", "1002 A+B for Polynomials\1002 A+B for Polynomials.vcxproj", "{6DF0F528-6DB5-4BAD-9D0E-305C0E76DAB2}"
EndProject
Project("{8BC9CEB8-8B4A-11D0-8D11-00A0C91BC942}") = "1003 Emergency", "1003 Emergency\1003 Emergency.vcxproj", "{F9D57B3B-0D27-4EDF-B422-07A451ED9BE4}"
EndProject
Project("{8BC9CEB8-8B4A-11D0-8D11-00A0C91BC942}") = "1004 Counting Leaves", "1004 Counting Leaves\1004 Counting Leaves.vcxproj", "{9D2E95B3-4F24-463B-855C-C87805510B58}"
EndProject
Project("{8BC9CEB8-8B4A-11D0-8D11-00A0C91BC942}") = "1005 Spell It Right", "1005 Spell It Right\1005 Spell It Right.vcxproj", "{8B3B331B-3605-4B61-A77A-64FEE5376E43}"
EndProject
Project("{8BC9CEB8-8B4A-11D0-8D11-00A0C91BC942}") = "1006 Sign In and Sign Out", "1006 Sign In and Sign Out\1006 Sign In and Sign Out.vcxproj", "{2B01C316-EC28-4245-9CCB-413D6D5B8D39}"
EndProject
Project("{8BC9CEB8-8B4A-11D0-8D11-00A0C91BC942}") = "1007 Maximum Subsequence Sum", "1007 Maximum Subsequence Sum\1007 Maximum Subsequence Sum.vcxproj", "{760888B4-3AF6-4F21-887B-A832A214FF7C}"
EndProject
Project("{8BC9CEB8-8B4A-11D0-8D11-00A0C91BC942}") = "1008 Elevator", "1008 Elevator\1008 Elevator.vcxproj", "{B024157F-5A9D-42AC-969A-7FE73F86D4DB}"
EndProject
Project("{8BC9CEB8-8B4A-11D0-8D11-00A0C91BC942}") = "1009 Product of Polynomials", "1009 Product of Polynomials\1009 Product of Polynomials.vcxproj", "{EC65D2B5-9277-4319-AABC-2FF274D40AD8}"
EndProject
Project("{8BC9CEB8-8B4A-11D0-8D11-00A0C91BC942}") = "1010 Radix", "1010 Radix\1010 Radix.vcxproj", "{BDE6700E-9954-4DCC-A9C2-1AA732E41D1E}"
EndProject
Project("{8BC9CEB8-8B4A-11D0-8D11-00A0C91BC942}") = "1011 World Cup Betting", "1011 World Cup Betting\1011 World Cup Betting.vcxproj", "{622E1BCE-4111-4BDA-ADF0-8C988921EBE4}"
EndProject
Project("{8BC9CEB8-8B4A-11D0-8D11-00A0C91BC942}") = "1012 The Best Rank", "1012 The Best Rank\1012 The Best Rank.vcxproj", "{BC8D7C44-646E-43D4-BEE1-9362DC9A11A6}"
EndProject
Project("{8BC9CEB8-8B4A-11D0-8D11-00A0C91BC942}") = "1013 Battle Over Cities", "1013 Battle Over Cities\1013 Battle Over Cities.vcxproj", "{40D1554C-25FC-4ABD-BE4C-EA8DB620467D}"
EndProject
Project("{8BC9CEB8-8B4A-11D0-8D11-00A0C91BC942}") = "1014 Waiting in Line", "1014 Waiting in Line\1014 Waiting in Line.vcxproj", "{D9673F61-79C6-4868-B3A3-C873DCD11EE1}"
EndProject
Project("{8BC9CEB8-8B4A-11D0-8D11-00A0C91BC942}") = "1015 Reversible Primes", "1015 Reversible Primes\1015 Reversible Primes.vcxproj", "{B7A793E8-5D5C-4D01-A748-7A9AA6D1086E}"
EndProject
Project("{8BC9CEB8-8B4A-11D0-8D11-00A0C91BC942}") = "1016 Phone Bills", "1016 Phone Bills\1016 Phone Bills.vcxproj", "{A3A7E694-1DAA-4EAB-BD55-8352542A4153}"
EndProject
Project("{8BC9CEB8-8B4A-11D0-8D11-00A0C91BC942}") = "1017 Queueing at Bank", "1017 Queueing at Bank\1017 Queueing at Bank.vcxproj", "{AF63A326-DF16-4C5C-A8DB-B39A401EC715}"
EndProject
Project("{8BC9CEB8-8B4A-11D0-8D11-00A0C91BC942}") = "1018 Public Bike Management", "1018 Public Bike Management\1018 Public Bike Management.vcxproj", "{B2EAB650-23CD-488E-B08F-2AB59ED9B81D}"
EndProject
Project("{8BC9CEB8-8B4A-11D0-8D11-00A0C91BC942}") = "1019 General Palindromic Number", "1019 General Palindromic Number\1019 General Palindromic Number.vcxproj", "{8A737FBF-E222-4766-A7FE-AA0062D57672}"
EndProject
Project("{8BC9CEB8-8B4A-11D0-8D11-00A0C91BC942}") = "1020 Tree Traversals", "1020 Tree Traversals\1020 Tree Traversals.vcxproj", "{648417C8-72FE-4A4E-BF5F-91B4CA2CF680}"
EndProject
Project("{8BC9CEB8-8B4A-11D0-8D11-00A0C91BC942}") = "1021 Deepest Root", "1021 Deepest Root\1021 Deepest Root.vcxproj", "{39499270-D1D0-4CDC-87D6-8AF13B070896}"
EndProject
Project("{8BC9CEB8-8B4A-11D0-8D11-00A0C91BC942}") = "1022 Digital Library", "1022 Digital Library\1022 Digital Library.vcxproj", "{FFDFD548-FAB9-4042-8FD3-B33968DE553D}"
EndProject
Project("{8BC9CEB8-8B4A-11D0-8D11-00A0C91BC942}") = "1023 Have Fun with Numbers", "1023 Have Fun with Numbers\1023 Have Fun with Numbers.vcxproj", "{96C0A17C-16E9-4C4F-A633-2A08046F33FD}"
EndProject
Project("{8BC9CEB8-8B4A-11D0-8D11-00A0C91BC942}") = "1024 Palindromic Number", "1024 Palindromic Number\1024 Palindromic Number.vcxproj", "{D988E640-24D9-442F-9883-494AC23C1200}"
EndProject
Project("{8BC9CEB8-8B4A-11D0-8D11-00A0C91BC942}") = "1025 PAT Ranking", "1025 PAT Ranking\1025 PAT Ranking.vcxproj", "{43519D22-D44E-4B55-B907-C03F7462F988}"
EndProject
Project("{8BC9CEB8-8B4A-11D0-8D11-00A0C91BC942}") = "1026 Table Tennis", "1026 Table Tennis\1026 Table Tennis.vcxproj", "{21D44B79-1877-4856-81BA-66994091070F}"
EndProject
Project("{8BC9CEB8-8B4A-11D0-8D11-00A0C91BC942}") = "1027 Colors in Mars", "1027 Colors in Mars\1027 Colors in Mars.vcxproj", "{283D2F7B-F42E-42C8-9EFB-DE7497094B54}"
EndProject
Project("{8BC9CEB8-8B4A-11D0-8D11-00A0C91BC942}") = "1028 List Sorting", "1028 List Sorting\1028 List Sorting.vcxproj", "{AD5605DA-F300-467E-9AF4-5BC1203CF71A}"
EndProject
Project("{8BC9CEB8-8B4A-11D0-8D11-00A0C91BC942}") = "1029 Median", "1029 Median\1029 Median.vcxproj", "{1F74509A-5F4C-43F9-9F54-DD0A156833B7}"
EndProject
Project("{8BC9CEB8-8B4A-11D0-8D11-00A0C91BC942}") = "1030 Travel Plan", "1030 Travel Plan\1030 Travel Plan.vcxproj", "{DD5FF446-0304-43F5-9AAF-6649965AD942}"
EndProject
Project("{8BC9CEB8-8B4A-11D0-8D11-00A0C91BC942}") = "1031 Hello World for U", "1031 Hello World for U\1031 Hello World for U.vcxproj", "{08DC524E-4C0A-470A-B8B6-9BA2997F7E5D}"
EndProject
Project("{8BC9CEB8-8B4A-11D0-8D11-00A0C91BC942}") = "1032 Sharing", "1032 Sharing\1032 Sharing.vcxproj", "{D0766531-B98D-4AE7-B603-707ABFD17E30}"
EndProject
Project("{8BC9CEB8-8B4A-11D0-8D11-00A0C91BC942}") = "1033 To Fill or Not to Fill", "1033 To Fill or Not to Fill\1033 To Fill or Not to Fill.vcxproj", "{D066B743-E1BF-4100-94A8-925A8288DCC6}"
EndProject
Global
	GlobalSection(SolutionConfigurationPlatforms) = preSolution
		Debug|x64 = Debug|x64
		Debug|x86 = Debug|x86
		Release|x64 = Release|x64
		Release|x86 = Release|x86
	EndGlobalSection
	GlobalSection(ProjectConfigurationPlatforms) = postSolution
		{EBDA8CE5-C86D-4E28-ADD7-E9B3A902FBDF}.Debug|x64.ActiveCfg = Debug|x64
		{EBDA8CE5-C86D-4E28-ADD7-E9B3A902FBDF}.Debug|x64.Build.0 = Debug|x64
		{EBDA8CE5-C86D-4E28-ADD7-E9B3A902FBDF}.Debug|x86.ActiveCfg = Debug|Win32
		{EBDA8CE5-C86D-4E28-ADD7-E9B3A902FBDF}.Debug|x86.Build.0 = Debug|Win32
		{EBDA8CE5-C86D-4E28-ADD7-E9B3A902FBDF}.Release|x64.ActiveCfg = Release|x64
		{EBDA8CE5-C86D-4E28-ADD7-E9B3A902FBDF}.Release|x64.Build.0 = Release|x64
		{EBDA8CE5-C86D-4E28-ADD7-E9B3A902FBDF}.Release|x86.ActiveCfg = Release|Win32
		{EBDA8CE5-C86D-4E28-ADD7-E9B3A902FBDF}.Release|x86.Build.0 = Release|Win32
		{6DF0F528-6DB5-4BAD-9D0E-305C0E76DAB2}.Debug|x64.ActiveCfg = Debug|x64
		{6DF0F528-6DB5-4BAD-9D0E-305C0E76DAB2}.Debug|x64.Build.0 = Debug|x64
		{6DF0F528-6DB5-4BAD-9D0E-305C0E76DAB2}.Debug|x86.ActiveCfg = Debug|Win32
		{6DF0F528-6DB5-4BAD-9D0E-305C0E76DAB2}.Debug|x86.Build.0 = Debug|Win32
		{6DF0F528-6DB5-4BAD-9D0E-305C0E76DAB2}.Release|x64.ActiveCfg = Release|x64
		{6DF0F528-6DB5-4BAD-9D0E-305C0E76DAB2}.Release|x64.Build.0 = Release|x64
		{6DF0F528-6DB5-4BAD-9D0E-305C0E76DAB2}.Release|x86.ActiveCfg = Release|Win32
		{6DF0F528-6DB5-4BAD-9D0E-305C0E76DAB2}.Release|x86.Build.0 = Release|Win32
		{F9D57B3B-0D27-4EDF-B422-07A451ED9BE4}.Debug|x64.ActiveCfg = Debug|x64
		{F9D57B3B-0D27-4EDF-B422-07A451ED9BE4}.Debug|x64.Build.0 = Debug|x64
		{F9D57B3B-0D27-4EDF-B422-07A451ED9BE4}.Debug|x86.ActiveCfg = Debug|Win32
		{F9D57B3B-0D27-4EDF-B422-07A451ED9BE4}.Debug|x86.Build.0 = Debug|Win32
		{F9D57B3B-0D27-4EDF-B422-07A451ED9BE4}.Release|x64.ActiveCfg = Release|x64
		{F9D57B3B-0D27-4EDF-B422-07A451ED9BE4}.Release|x64.Build.0 = Release|x64
		{F9D57B3B-0D27-4EDF-B422-07A451ED9BE4}.Release|x86.ActiveCfg = Release|Win32
		{F9D57B3B-0D27-4EDF-B422-07A451ED9BE4}.Release|x86.Build.0 = Release|Win32
		{9D2E95B3-4F24-463B-855C-C87805510B58}.Debug|x64.ActiveCfg = Debug|x64
		{9D2E95B3-4F24-463B-855C-C87805510B58}.Debug|x64.Build.0 = Debug|x64
		{9D2E95B3-4F24-463B-855C-C87805510B58}.Debug|x86.ActiveCfg = Debug|Win32
		{9D2E95B3-4F24-463B-855C-C87805510B58}.Debug|x86.Build.0 = Debug|Win32
		{9D2E95B3-4F24-463B-855C-C87805510B58}.Release|x64.ActiveCfg = Release|x64
		{9D2E95B3-4F24-463B-855C-C87805510B58}.Release|x64.Build.0 = Release|x64
		{9D2E95B3-4F24-463B-855C-C87805510B58}.Release|x86.ActiveCfg = Release|Win32
		{9D2E95B3-4F24-463B-855C-C87805510B58}.Release|x86.Build.0 = Release|Win32
		{8B3B331B-3605-4B61-A77A-64FEE5376E43}.Debug|x64.ActiveCfg = Debug|x64
		{8B3B331B-3605-4B61-A77A-64FEE5376E43}.Debug|x64.Build.0 = Debug|x64
		{8B3B331B-3605-4B61-A77A-64FEE5376E43}.Debug|x86.ActiveCfg = Debug|Win32
		{8B3B331B-3605-4B61-A77A-64FEE5376E43}.Debug|x86.Build.0 = Debug|Win32
		{8B3B331B-3605-4B61-A77A-64FEE5376E43}.Release|x64.ActiveCfg = Release|x64
		{8B3B331B-3605-4B61-A77A-64FEE5376E43}.Release|x64.Build.0 = Release|x64
		{8B3B331B-3605-4B61-A77A-64FEE5376E43}.Release|x86.ActiveCfg = Release|Win32
		{8B3B331B-3605-4B61-A77A-64FEE5376E43}.Release|x86.Build.0 = Release|Win32
		{2B01C316-EC28-4245-9CCB-413D6D5B8D39}.Debug|x64.ActiveCfg = Debug|x64
		{2B01C316-EC28-4245-9CCB-413D6D5B8D39}.Debug|x64.Build.0 = Debug|x64
		{2B01C316-EC28-4245-9CCB-413D6D5B8D39}.Debug|x86.ActiveCfg = Debug|Win32
		{2B01C316-EC28-4245-9CCB-413D6D5B8D39}.Debug|x86.Build.0 = Debug|Win32
		{2B01C316-EC28-4245-9CCB-413D6D5B8D39}.Release|x64.ActiveCfg = Release|x64
		{2B01C316-EC28-4245-9CCB-413D6D5B8D39}.Release|x64.Build.0 = Release|x64
		{2B01C316-EC28-4245-9CCB-413D6D5B8D39}.Release|x86.ActiveCfg = Release|Win32
		{2B01C316-EC28-4245-9CCB-413D6D5B8D39}.Release|x86.Build.0 = Release|Win32
		{760888B4-3AF6-4F21-887B-A832A214FF7C}.Debug|x64.ActiveCfg = Debug|x64
		{760888B4-3AF6-4F21-887B-A832A214FF7C}.Debug|x64.Build.0 = Debug|x64
		{760888B4-3AF6-4F21-887B-A832A214FF7C}.Debug|x86.ActiveCfg = Debug|Win32
		{760888B4-3AF6-4F21-887B-A832A214FF7C}.Debug|x86.Build.0 = Debug|Win32
		{760888B4-3AF6-4F21-887B-A832A214FF7C}.Release|x64.ActiveCfg = Release|x64
		{760888B4-3AF6-4F21-887B-A832A214FF7C}.Release|x64.Build.0 = Release|x64
		{760888B4-3AF6-4F21-887B-A832A214FF7C}.Release|x86.ActiveCfg = Release|Win32
		{760888B4-3AF6-4F21-887B-A832A214FF7C}.Release|x86.Build.0 = Release|Win32
		{B024157F-5A9D-42AC-969A-7FE73F86D4DB}.Debug|x64.ActiveCfg = Debug|x64
		{B024157F-5A9D-42AC-969A-7FE73F86D4DB}.Debug|x64.Build.0 = Debug|x64
		{B024157F-5A9D-42AC-969A-7FE73F86D4DB}.Debug|x86.ActiveCfg = Debug|Win32
		{B024157F-5A9D-42AC-969A-7FE73F86D4DB}.Debug|x86.Build.0 = Debug|Win32
		{B024157F-5A9D-42AC-969A-7FE73F86D4DB}.Release|x64.ActiveCfg = Release|x64
		{B024157F-5A9D-42AC-969A-7FE73F86D4DB}.Release|x64.Build.0 = Release|x64
		{B024157F-5A9D-42AC-969A-7FE73F86D4DB}.Release|x86.ActiveCfg = Release|Win32
		{B024157F-5A9D-42AC-969A-7FE73F86D4DB}.Release|x86.Build.0 = Release|Win32
		{EC65D2B5-9277-4319-AABC-2FF274D40AD8}.Debug|x64.ActiveCfg = Debug|x64
		{EC65D2B5-9277-4319-AABC-2FF274D40AD8}.Debug|x64.Build.0 = Debug|x64
		{EC65D2B5-9277-4319-AABC-2FF274D40AD8}.Debug|x86.ActiveCfg = Debug|Win32
		{EC65D2B5-9277-4319-AABC-2FF274D40AD8}.Debug|x86.Build.0 = Debug|Win32
		{EC65D2B5-9277-4319-AABC-2FF274D40AD8}.Release|x64.ActiveCfg = Release|x64
		{EC65D2B5-9277-4319-AABC-2FF274D40AD8}.Release|x64.Build.0 = Release|x64
		{EC65D2B5-9277-4319-AABC-2FF274D40AD8}.Release|x86.ActiveCfg = Release|Win32
		{EC65D2B5-9277-4319-AABC-2FF274D40AD8}.Release|x86.Build.0 = Release|Win32
		{BDE6700E-9954-4DCC-A9C2-1AA732E41D1E}.Debug|x64.ActiveCfg = Debug|x64
		{BDE6700E-9954-4DCC-A9C2-1AA732E41D1E}.Debug|x64.Build.0 = Debug|x64
		{BDE6700E-9954-4DCC-A9C2-1AA732E41D1E}.Debug|x86.ActiveCfg = Debug|Win32
		{BDE6700E-9954-4DCC-A9C2-1AA732E41D1E}.Debug|x86.Build.0 = Debug|Win32
		{BDE6700E-9954-4DCC-A9C2-1AA732E41D1E}.Release|x64.ActiveCfg = Release|x64
		{BDE6700E-9954-4DCC-A9C2-1AA732E41D1E}.Release|x64.Build.0 = Release|x64
		{BDE6700E-9954-4DCC-A9C2-1AA732E41D1E}.Release|x86.ActiveCfg = Release|Win32
		{BDE6700E-9954-4DCC-A9C2-1AA732E41D1E}.Release|x86.Build.0 = Release|Win32
		{622E1BCE-4111-4BDA-ADF0-8C988921EBE4}.Debug|x64.ActiveCfg = Debug|x64
		{622E1BCE-4111-4BDA-ADF0-8C988921EBE4}.Debug|x64.Build.0 = Debug|x64
		{622E1BCE-4111-4BDA-ADF0-8C988921EBE4}.Debug|x86.ActiveCfg = Debug|Win32
		{622E1BCE-4111-4BDA-ADF0-8C988921EBE4}.Debug|x86.Build.0 = Debug|Win32
		{622E1BCE-4111-4BDA-ADF0-8C988921EBE4}.Release|x64.ActiveCfg = Release|x64
		{622E1BCE-4111-4BDA-ADF0-8C988921EBE4}.Release|x64.Build.0 = Release|x64
		{622E1BCE-4111-4BDA-ADF0-8C988921EBE4}.Release|x86.ActiveCfg = Release|Win32
		{622E1BCE-4111-4BDA-ADF0-8C988921EBE4}.Release|x86.Build.0 = Release|Win32
		{BC8D7C44-646E-43D4-BEE1-9362DC9A11A6}.Debug|x64.ActiveCfg = Debug|x64
		{BC8D7C44-646E-43D4-BEE1-9362DC9A11A6}.Debug|x64.Build.0 = Debug|x64
		{BC8D7C44-646E-43D4-BEE1-9362DC9A11A6}.Debug|x86.ActiveCfg = Debug|Win32
		{BC8D7C44-646E-43D4-BEE1-9362DC9A11A6}.Debug|x86.Build.0 = Debug|Win32
		{BC8D7C44-646E-43D4-BEE1-9362DC9A11A6}.Release|x64.ActiveCfg = Release|x64
		{BC8D7C44-646E-43D4-BEE1-9362DC9A11A6}.Release|x64.Build.0 = Release|x64
		{BC8D7C44-646E-43D4-BEE1-9362DC9A11A6}.Release|x86.ActiveCfg = Release|Win32
		{BC8D7C44-646E-43D4-BEE1-9362DC9A11A6}.Release|x86.Build.0 = Release|Win32
		{40D1554C-25FC-4ABD-BE4C-EA8DB620467D}.Debug|x64.ActiveCfg = Debug|x64
		{40D1554C-25FC-4ABD-BE4C-EA8DB620467D}.Debug|x64.Build.0 = Debug|x64
		{40D1554C-25FC-4ABD-BE4C-EA8DB620467D}.Debug|x86.ActiveCfg = Debug|Win32
		{40D1554C-25FC-4ABD-BE4C-EA8DB620467D}.Debug|x86.Build.0 = Debug|Win32
		{40D1554C-25FC-4ABD-BE4C-EA8DB620467D}.Release|x64.ActiveCfg = Release|x64
		{40D1554C-25FC-4ABD-BE4C-EA8DB620467D}.Release|x64.Build.0 = Release|x64
		{40D1554C-25FC-4ABD-BE4C-EA8DB620467D}.Release|x86.ActiveCfg = Release|Win32
		{40D1554C-25FC-4ABD-BE4C-EA8DB620467D}.Release|x86.Build.0 = Release|Win32
		{D9673F61-79C6-4868-B3A3-C873DCD11EE1}.Debug|x64.ActiveCfg = Debug|x64
		{D9673F61-79C6-4868-B3A3-C873DCD11EE1}.Debug|x64.Build.0 = Debug|x64
		{D9673F61-79C6-4868-B3A3-C873DCD11EE1}.Debug|x86.ActiveCfg = Debug|Win32
		{D9673F61-79C6-4868-B3A3-C873DCD11EE1}.Debug|x86.Build.0 = Debug|Win32
		{D9673F61-79C6-4868-B3A3-C873DCD11EE1}.Release|x64.ActiveCfg = Release|x64
		{D9673F61-79C6-4868-B3A3-C873DCD11EE1}.Release|x64.Build.0 = Release|x64
		{D9673F61-79C6-4868-B3A3-C873DCD11EE1}.Release|x86.ActiveCfg = Release|Win32
		{D9673F61-79C6-4868-B3A3-C873DCD11EE1}.Release|x86.Build.0 = Release|Win32
		{B7A793E8-5D5C-4D01-A748-7A9AA6D1086E}.Debug|x64.ActiveCfg = Debug|x64
		{B7A793E8-5D5C-4D01-A748-7A9AA6D1086E}.Debug|x64.Build.0 = Debug|x64
		{B7A793E8-5D5C-4D01-A748-7A9AA6D1086E}.Debug|x86.ActiveCfg = Debug|Win32
		{B7A793E8-5D5C-4D01-A748-7A9AA6D1086E}.Debug|x86.Build.0 = Debug|Win32
		{B7A793E8-5D5C-4D01-A748-7A9AA6D1086E}.Release|x64.ActiveCfg = Release|x64
		{B7A793E8-5D5C-4D01-A748-7A9AA6D1086E}.Release|x64.Build.0 = Release|x64
		{B7A793E8-5D5C-4D01-A748-7A9AA6D1086E}.Release|x86.ActiveCfg = Release|Win32
		{B7A793E8-5D5C-4D01-A748-7A9AA6D1086E}.Release|x86.Build.0 = Release|Win32
		{A3A7E694-1DAA-4EAB-BD55-8352542A4153}.Debug|x64.ActiveCfg = Debug|x64
		{A3A7E694-1DAA-4EAB-BD55-8352542A4153}.Debug|x64.Build.0 = Debug|x64
		{A3A7E694-1DAA-4EAB-BD55-8352542A4153}.Debug|x86.ActiveCfg = Debug|Win32
		{A3A7E694-1DAA-4EAB-BD55-8352542A4153}.Debug|x86.Build.0 = Debug|Win32
		{A3A7E694-1DAA-4EAB-BD55-8352542A4153}.Release|x64.ActiveCfg = Release|x64
		{A3A7E694-1DAA-4EAB-BD55-8352542A4153}.Release|x64.Build.0 = Release|x64
		{A3A7E694-1DAA-4EAB-BD55-8352542A4153}.Release|x86.ActiveCfg = Release|Win32
		{A3A7E694-1DAA-4EAB-BD55-8352542A4153}.Release|x86.Build.0 = Release|Win32
		{AF63A326-DF16-4C5C-A8DB-B39A401EC715}.Debug|x64.ActiveCfg = Debug|x64
		{AF63A326-DF16-4C5C-A8DB-B39A401EC715}.Debug|x64.Build.0 = Debug|x64
		{AF63A326-DF16-4C5C-A8DB-B39A401EC715}.Debug|x86.ActiveCfg = Debug|Win32
		{AF63A326-DF16-4C5C-A8DB-B39A401EC715}.Debug|x86.Build.0 = Debug|Win32
		{AF63A326-DF16-4C5C-A8DB-B39A401EC715}.Release|x64.ActiveCfg = Release|x64
		{AF63A326-DF16-4C5C-A8DB-B39A401EC715}.Release|x64.Build.0 = Release|x64
		{AF63A326-DF16-4C5C-A8DB-B39A401EC715}.Release|x86.ActiveCfg = Release|Win32
		{AF63A326-DF16-4C5C-A8DB-B39A401EC715}.Release|x86.Build.0 = Release|Win32
		{B2EAB650-23CD-488E-B08F-2AB59ED9B81D}.Debug|x64.ActiveCfg = Debug|x64
		{B2EAB650-23CD-488E-B08F-2AB59ED9B81D}.Debug|x64.Build.0 = Debug|x64
		{B2EAB650-23CD-488E-B08F-2AB59ED9B81D}.Debug|x86.ActiveCfg = Debug|Win32
		{B2EAB650-23CD-488E-B08F-2AB59ED9B81D}.Debug|x86.Build.0 = Debug|Win32
		{B2EAB650-23CD-488E-B08F-2AB59ED9B81D}.Release|x64.ActiveCfg = Release|x64
		{B2EAB650-23CD-488E-B08F-2AB59ED9B81D}.Release|x64.Build.0 = Release|x64
		{B2EAB650-23CD-488E-B08F-2AB59ED9B81D}.Release|x86.ActiveCfg = Release|Win32
		{B2EAB650-23CD-488E-B08F-2AB59ED9B81D}.Release|x86.Build.0 = Release|Win32
		{8A737FBF-E222-4766-A7FE-AA0062D57672}.Debug|x64.ActiveCfg = Debug|x64
		{8A737FBF-E222-4766-A7FE-AA0062D57672}.Debug|x64.Build.0 = Debug|x64
		{8A737FBF-E222-4766-A7FE-AA0062D57672}.Debug|x86.ActiveCfg = Debug|Win32
		{8A737FBF-E222-4766-A7FE-AA0062D57672}.Debug|x86.Build.0 = Debug|Win32
		{8A737FBF-E222-4766-A7FE-AA0062D57672}.Release|x64.ActiveCfg = Release|x64
		{8A737FBF-E222-4766-A7FE-AA0062D57672}.Release|x64.Build.0 = Release|x64
		{8A737FBF-E222-4766-A7FE-AA0062D57672}.Release|x86.ActiveCfg = Release|Win32
		{8A737FBF-E222-4766-A7FE-AA0062D57672}.Release|x86.Build.0 = Release|Win32
		{648417C8-72FE-4A4E-BF5F-91B4CA2CF680}.Debug|x64.ActiveCfg = Debug|x64
		{648417C8-72FE-4A4E-BF5F-91B4CA2CF680}.Debug|x64.Build.0 = Debug|x64
		{648417C8-72FE-4A4E-BF5F-91B4CA2CF680}.Debug|x86.ActiveCfg = Debug|Win32
		{648417C8-72FE-4A4E-BF5F-91B4CA2CF680}.Debug|x86.Build.0 = Debug|Win32
		{648417C8-72FE-4A4E-BF5F-91B4CA2CF680}.Release|x64.ActiveCfg = Release|x64
		{648417C8-72FE-4A4E-BF5F-91B4CA2CF680}.Release|x64.Build.0 = Release|x64
		{648417C8-72FE-4A4E-BF5F-91B4CA2CF680}.Release|x86.ActiveCfg = Release|Win32
		{648417C8-72FE-4A4E-BF5F-91B4CA2CF680}.Release|x86.Build.0 = Release|Win32
		{39499270-D1D0-4CDC-87D6-8AF13B070896}.Debug|x64.ActiveCfg = Debug|x64
		{39499270-D1D0-4CDC-87D6-8AF13B070896}.Debug|x64.Build.0 = Debug|x64
		{39499270-D1D0-4CDC-87D6-8AF13B070896}.Debug|x86.ActiveCfg = Debug|Win32
		{39499270-D1D0-4CDC-87D6-8AF13B070896}.Debug|x86.Build.0 = Debug|Win32
		{39499270-D1D0-4CDC-87D6-8AF13B070896}.Release|x64.ActiveCfg = Release|x64
		{39499270-D1D0-4CDC-87D6-8AF13B070896}.Release|x64.Build.0 = Release|x64
		{39499270-D1D0-4CDC-87D6-8AF13B070896}.Release|x86.ActiveCfg = Release|Win32
		{39499270-D1D0-4CDC-87D6-8AF13B070896}.Release|x86.Build.0 = Release|Win32
		{FFDFD548-FAB9-4042-8FD3-B33968DE553D}.Debug|x64.ActiveCfg = Debug|x64
		{FFDFD548-FAB9-4042-8FD3-B33968DE553D}.Debug|x64.Build.0 = Debug|x64
		{FFDFD548-FAB9-4042-8FD3-B33968DE553D}.Debug|x86.ActiveCfg = Debug|Win32
		{FFDFD548-FAB9-4042-8FD3-B33968DE553D}.Debug|x86.Build.0 = Debug|Win32
		{FFDFD548-FAB9-4042-8FD3-B33968DE553D}.Release|x64.ActiveCfg = Release|x64
		{FFDFD548-FAB9-4042-8FD3-B33968DE553D}.Release|x64.Build.0 = Release|x64
		{FFDFD548-FAB9-4042-8FD3-B33968DE553D}.Release|x86.ActiveCfg = Release|Win32
		{FFDFD548-FAB9-4042-8FD3-B33968DE553D}.Release|x86.Build.0 = Release|Win32
		{96C0A17C-16E9-4C4F-A633-2A08046F33FD}.Debug|x64.ActiveCfg = Debug|x64
		{96C0A17C-16E9-4C4F-A633-2A08046F33FD}.Debug|x64.Build.0 = Debug|x64
		{96C0A17C-16E9-4C4F-A633-2A08046F33FD}.Debug|x86.ActiveCfg = Debug|Win32
		{96C0A17C-16E9-4C4F-A633-2A08046F33FD}.Debug|x86.Build.0 = Debug|Win32
		{96C0A17C-16E9-4C4F-A633-2A08046F33FD}.Release|x64.ActiveCfg = Release|x64
		{96C0A17C-16E9-4C4F-A633-2A08046F33FD}.Release|x64.Build.0 = Release|x64
		{96C0A17C-16E9-4C4F-A633-2A08046F33FD}.Release|x86.ActiveCfg = Release|Win32
		{96C0A17C-16E9-4C4F-A633-2A08046F33FD}.Release|x86.Build.0 = Release|Win32
		{D988E640-24D9-442F-9883-494AC23C1200}.Debug|x64.ActiveCfg = Debug|x64
		{D988E640-24D9-442F-9883-494AC23C1200}.Debug|x64.Build.0 = Debug|x64
		{D988E640-24D9-442F-9883-494AC23C1200}.Debug|x86.ActiveCfg = Debug|Win32
		{D988E640-24D9-442F-9883-494AC23C1200}.Debug|x86.Build.0 = Debug|Win32
		{D988E640-24D9-442F-9883-494AC23C1200}.Release|x64.ActiveCfg = Release|x64
		{D988E640-24D9-442F-9883-494AC23C1200}.Release|x64.Build.0 = Release|x64
		{D988E640-24D9-442F-9883-494AC23C1200}.Release|x86.ActiveCfg = Release|Win32
		{D988E640-24D9-442F-9883-494AC23C1200}.Release|x86.Build.0 = Release|Win32
		{43519D22-D44E-4B55-B907-C03F7462F988}.Debug|x64.ActiveCfg = Debug|x64
		{43519D22-D44E-4B55-B907-C03F7462F988}.Debug|x64.Build.0 = Debug|x64
		{43519D22-D44E-4B55-B907-C03F7462F988}.Debug|x86.ActiveCfg = Debug|Win32
		{43519D22-D44E-4B55-B907-C03F7462F988}.Debug|x86.Build.0 = Debug|Win32
		{43519D22-D44E-4B55-B907-C03F7462F988}.Release|x64.ActiveCfg = Release|x64
		{43519D22-D44E-4B55-B907-C03F7462F988}.Release|x64.Build.0 = Release|x64
		{43519D22-D44E-4B55-B907-C03F7462F988}.Release|x86.ActiveCfg = Release|Win32
		{43519D22-D44E-4B55-B907-C03F7462F988}.Release|x86.Build.0 = Release|Win32
		{21D44B79-1877-4856-81BA-66994091070F}.Debug|x64.ActiveCfg = Debug|x64
		{21D44B79-1877-4856-81BA-66994091070F}.Debug|x64.Build.0 = Debug|x64
		{21D44B79-1877-4856-81BA-66994091070F}.Debug|x86.ActiveCfg = Debug|Win32
		{21D44B79-1877-4856-81BA-66994091070F}.Debug|x86.Build.0 = Debug|Win32
		{21D44B79-1877-4856-81BA-66994091070F}.Release|x64.ActiveCfg = Release|x64
		{21D44B79-1877-4856-81BA-66994091070F}.Release|x64.Build.0 = Release|x64
		{21D44B79-1877-4856-81BA-66994091070F}.Release|x86.ActiveCfg = Release|Win32
		{21D44B79-1877-4856-81BA-66994091070F}.Release|x86.Build.0 = Release|Win32
		{283D2F7B-F42E-42C8-9EFB-DE7497094B54}.Debug|x64.ActiveCfg = Debug|x64
		{283D2F7B-F42E-42C8-9EFB-DE7497094B54}.Debug|x64.Build.0 = Debug|x64
		{283D2F7B-F42E-42C8-9EFB-DE7497094B54}.Debug|x86.ActiveCfg = Debug|Win32
		{283D2F7B-F42E-42C8-9EFB-DE7497094B54}.Debug|x86.Build.0 = Debug|Win32
		{283D2F7B-F42E-42C8-9EFB-DE7497094B54}.Release|x64.ActiveCfg = Release|x64
		{283D2F7B-F42E-42C8-9EFB-DE7497094B54}.Release|x64.Build.0 = Release|x64
		{283D2F7B-F42E-42C8-9EFB-DE7497094B54}.Release|x86.ActiveCfg = Release|Win32
		{283D2F7B-F42E-42C8-9EFB-DE7497094B54}.Release|x86.Build.0 = Release|Win32
		{AD5605DA-F300-467E-9AF4-5BC1203CF71A}.Debug|x64.ActiveCfg = Debug|x64
		{AD5605DA-F300-467E-9AF4-5BC1203CF71A}.Debug|x64.Build.0 = Debug|x64
		{AD5605DA-F300-467E-9AF4-5BC1203CF71A}.Debug|x86.ActiveCfg = Debug|Win32
		{AD5605DA-F300-467E-9AF4-5BC1203CF71A}.Debug|x86.Build.0 = Debug|Win32
		{AD5605DA-F300-467E-9AF4-5BC1203CF71A}.Release|x64.ActiveCfg = Release|x64
		{AD5605DA-F300-467E-9AF4-5BC1203CF71A}.Release|x64.Build.0 = Release|x64
		{AD5605DA-F300-467E-9AF4-5BC1203CF71A}.Release|x86.ActiveCfg = Release|Win32
		{AD5605DA-F300-467E-9AF4-5BC1203CF71A}.Release|x86.Build.0 = Release|Win32
		{1F74509A-5F4C-43F9-9F54-DD0A156833B7}.Debug|x64.ActiveCfg = Debug|x64
		{1F74509A-5F4C-43F9-9F54-DD0A156833B7}.Debug|x64.Build.0 = Debug|x64
		{1F74509A-5F4C-43F9-9F54-DD0A156833B7}.Debug|x86.ActiveCfg = Debug|Win32
		{1F74509A-5F4C-43F9-9F54-DD0A156833B7}.Debug|x86.Build.0 = Debug|Win32
		{1F74509A-5F4C-43F9-9F54-DD0A156833B7}.Release|x64.ActiveCfg = Release|x64
		{1F74509A-5F4C-43F9-9F54-DD0A156833B7}.Release|x64.Build.0 = Release|x64
		{1F74509A-5F4C-43F9-9F54-DD0A156833B7}.Release|x86.ActiveCfg = Release|Win32
		{1F74509A-5F4C-43F9-9F54-DD0A156833B7}.Release|x86.Build.0 = Release|Win32
		{DD5FF446-0304-43F5-9AAF-6649965AD942}.Debug|x64.ActiveCfg = Debug|x64
		{DD5FF446-0304-43F5-9AAF-6649965AD942}.Debug|x64.Build.0 = Debug|x64
		{DD5FF446-0304-43F5-9AAF-6649965AD942}.Debug|x86.ActiveCfg = Debug|Win32
		{DD5FF446-0304-43F5-9AAF-6649965AD942}.Debug|x86.Build.0 = Debug|Win32
		{DD5FF446-0304-43F5-9AAF-6649965AD942}.Release|x64.ActiveCfg = Release|x64
		{DD5FF446-0304-43F5-9AAF-6649965AD942}.Release|x64.Build.0 = Release|x64
		{DD5FF446-0304-43F5-9AAF-6649965AD942}.Release|x86.ActiveCfg = Release|Win32
		{DD5FF446-0304-43F5-9AAF-6649965AD942}.Release|x86.Build.0 = Release|Win32
		{08DC524E-4C0A-470A-B8B6-9BA2997F7E5D}.Debug|x64.ActiveCfg = Debug|x64
		{08DC524E-4C0A-470A-B8B6-9BA2997F7E5D}.Debug|x64.Build.0 = Debug|x64
		{08DC524E-4C0A-470A-B8B6-9BA2997F7E5D}.Debug|x86.ActiveCfg = Debug|Win32
		{08DC524E-4C0A-470A-B8B6-9BA2997F7E5D}.Debug|x86.Build.0 = Debug|Win32
		{08DC524E-4C0A-470A-B8B6-9BA2997F7E5D}.Release|x64.ActiveCfg = Release|x64
		{08DC524E-4C0A-470A-B8B6-9BA2997F7E5D}.Release|x64.Build.0 = Release|x64
		{08DC524E-4C0A-470A-B8B6-9BA2997F7E5D}.Release|x86.ActiveCfg = Release|Win32
		{08DC524E-4C0A-470A-B8B6-9BA2997F7E5D}.Release|x86.Build.0 = Release|Win32
		{D0766531-B98D-4AE7-B603-707ABFD17E30}.Debug|x64.ActiveCfg = Debug|x64
		{D0766531-B98D-4AE7-B603-707ABFD17E30}.Debug|x64.Build.0 = Debug|x64
		{D0766531-B98D-4AE7-B603-707ABFD17E30}.Debug|x86.ActiveCfg = Debug|Win32
		{D0766531-B98D-4AE7-B603-707ABFD17E30}.Debug|x86.Build.0 = Debug|Win32
		{D0766531-B98D-4AE7-B603-707ABFD17E30}.Release|x64.ActiveCfg = Release|x64
		{D0766531-B98D-4AE7-B603-707ABFD17E30}.Release|x64.Build.0 = Release|x64
		{D0766531-B98D-4AE7-B603-707ABFD17E30}.Release|x86.ActiveCfg = Release|Win32
		{D0766531-B98D-4AE7-B603-707ABFD17E30}.Release|x86.Build.0 = Release|Win32
		{D066B743-E1BF-4100-94A8-925A8288DCC6}.Debug|x64.ActiveCfg = Debug|x64
		{D066B743-E1BF-4100-94A8-925A8288DCC6}.Debug|x64.Build.0 = Debug|x64
		{D066B743-E1BF-4100-94A8-925A8288DCC6}.Debug|x86.ActiveCfg = Debug|Win32
		{D066B743-E1BF-4100-94A8-925A8288DCC6}.Debug|x86.Build.0 = Debug|Win32
		{D066B743-E1BF-4100-94A8-925A8288DCC6}.Release|x64.ActiveCfg = Release|x64
		{D066B743-E1BF-4100-94A8-925A8288DCC6}.Release|x64.Build.0 = Release|x64
		{D066B743-E1BF-4100-94A8-925A8288DCC6}.Release|x86.ActiveCfg = Release|Win32
		{D066B743-E1BF-4100-94A8-925A8288DCC6}.Release|x86.Build.0 = Release|Win32
	EndGlobalSection
	GlobalSection(SolutionProperties) = preSolution
		HideSolutionNode = FALSE
	EndGlobalSection
	GlobalSection(ExtensibilityGlobals) = postSolution
		SolutionGuid = {6677F7F3-1A61-4239-A319-8CFC42E5D30B}
	EndGlobalSection
EndGlobal
